
Microsoft Visual Studio Solution File, Format Version 12.00
# Visual Studio Version 17
VisualStudioVersion = 17.4.33403.182
MinimumVisualStudioVersion = 10.0.40219.1
Project("{FAE04EC0-301F-11D3-BF4B-00C04F79EFBC}") = "WebApplication688", "WebApplication688\WebApplication688.csproj", "{651D25A9-AFE6-4FA5-ADDD-3741E50968CA}"
EndProject
Global
	GlobalSection(SolutionConfigurationPlatforms) = preSolution
		Debug|Any CPU = Debug|Any CPU
		Release|Any CPU = Release|Any CPU
	EndGlobalSection
	GlobalSection(ProjectConfigurationPlatforms) = postSolution
		{651D25A9-AFE6-4FA5-ADDD-3741E50968CA}.Debug|Any CPU.ActiveCfg = Debug|Any CPU
		{651D25A9-AFE6-4FA5-ADDD-3741E50968CA}.Debug|Any CPU.Build.0 = Debug|Any CPU
		{651D25A9-AFE6-4FA5-ADDD-3741E50968CA}.Release|Any CPU.ActiveCfg = Release|Any CPU
		{651D25A9-AFE6-4FA5-ADDD-3741E50968CA}.Release|Any CPU.Build.0 = Release|Any CPU
	EndGlobalSection
	GlobalSection(SolutionProperties) = preSolution
		HideSolutionNode = FALSE
	EndGlobalSection
	GlobalSection(ExtensibilityGlobals) = postSolution
		SolutionGuid = {422F002C-4172-485D-AA3A-D7755C8944B5}
	EndGlobalSection
EndGlobal
